
Microsoft Visual Studio Solution File, Format Version 12.00
# Visual Studio Version 16
VisualStudioVersion = 16.0.30804.86
MinimumVisualStudioVersion = 10.0.40219.1
Project("{FAE04EC0-301F-11D3-BF4B-00C04F79EFBC}") = "E-Ticaret", "E-Ticaret\E-Ticaret.csproj", "{232E9FC1-689D-4D90-9B1F-59613B7C8EFB}"
EndProject
Global
	GlobalSection(SolutionConfigurationPlatforms) = preSolution
		Debug|Any CPU = Debug|Any CPU
		Release|Any CPU = Release|Any CPU
	EndGlobalSection
	GlobalSection(ProjectConfigurationPlatforms) = postSolution
		{232E9FC1-689D-4D90-9B1F-59613B7C8EFB}.Debug|Any CPU.ActiveCfg = Debug|Any CPU
		{232E9FC1-689D-4D90-9B1F-59613B7C8EFB}.Debug|Any CPU.Build.0 = Debug|Any CPU
		{232E9FC1-689D-4D90-9B1F-59613B7C8EFB}.Release|Any CPU.ActiveCfg = Release|Any CPU
		{232E9FC1-689D-4D90-9B1F-59613B7C8EFB}.Release|Any CPU.Build.0 = Release|Any CPU
	EndGlobalSection
	GlobalSection(SolutionProperties) = preSolution
		HideSolutionNode = FALSE
	EndGlobalSection
	GlobalSection(ExtensibilityGlobals) = postSolution
		SolutionGuid = {D8F15873-07E4-4D27-8506-EA97F46D4440}
	EndGlobalSection
EndGlobal
